
Microsoft Visual Studio Solution File, Format Version 12.00
# Visual Studio Version 17
VisualStudioVersion = 17.3.32901.215
MinimumVisualStudioVersion = 10.0.40219.1
Project("{FAE04EC0-301F-11D3-BF4B-00C04F79EFBC}") = "eWallet.Api", "eWallet.Api\eWallet.Api.csproj", "{45D5A4CF-386A-448E-A4FE-50164C4E0687}"
EndProject
Global
	GlobalSection(SolutionConfigurationPlatforms) = preSolution
		Debug|Any CPU = Debug|Any CPU
		Release|Any CPU = Release|Any CPU
	EndGlobalSection
	GlobalSection(ProjectConfigurationPlatforms) = postSolution
		{45D5A4CF-386A-448E-A4FE-50164C4E0687}.Debug|Any CPU.ActiveCfg = Debug|Any CPU
		{45D5A4CF-386A-448E-A4FE-50164C4E0687}.Debug|Any CPU.Build.0 = Debug|Any CPU
		{45D5A4CF-386A-448E-A4FE-50164C4E0687}.Release|Any CPU.ActiveCfg = Release|Any CPU
		{45D5A4CF-386A-448E-A4FE-50164C4E0687}.Release|Any CPU.Build.0 = Release|Any CPU
	EndGlobalSection
	GlobalSection(SolutionProperties) = preSolution
		HideSolutionNode = FALSE
	EndGlobalSection
	GlobalSection(ExtensibilityGlobals) = postSolution
		SolutionGuid = {EC9A62D9-C1B9-43DC-B33E-66ACDD80351A}
	EndGlobalSection
EndGlobal
